// !$*UTF8*$!
{
	archiveVersion = 1;
	classes = {
	};
	objectVersion = 56;
	objects = {

/* Begin PBXBuildFile section */
		F0205FC32D55037600910753 /* Logger.swift in Sources */ = {isa = PBXBuildFile; fileRef = F0205FC22D55037400910753 /* Logger.swift */; };
		F0205FC92D55149800910753 /* CoreDataError.swift in Sources */ = {isa = PBXBuildFile; fileRef = F0205FC82D55149100910753 /* CoreDataError.swift */; };
		F0205FCB2D55228700910753 /* Date.swift in Sources */ = {isa = PBXBuildFile; fileRef = F0205FCA2D55228300910753 /* Date.swift */; };
		F02581822C62C292006CB2E6 /* MorningStarApp.swift in Sources */ = {isa = PBXBuildFile; fileRef = F02581812C62C292006CB2E6 /* MorningStarApp.swift */; };
		F02581882C62C293006CB2E6 /* Assets.xcassets in Resources */ = {isa = PBXBuildFile; fileRef = F02581872C62C293006CB2E6 /* Assets.xcassets */; };
		F025818C2C62C293006CB2E6 /* Preview Assets.xcassets in Resources */ = {isa = PBXBuildFile; fileRef = F025818B2C62C293006CB2E6 /* Preview Assets.xcassets */; };
		F02581962C62C293006CB2E6 /* MorningStarTests.swift in Sources */ = {isa = PBXBuildFile; fileRef = F02581952C62C293006CB2E6 /* MorningStarTests.swift */; };
		F02581A02C62C293006CB2E6 /* MorningStarUITests.swift in Sources */ = {isa = PBXBuildFile; fileRef = F025819F2C62C293006CB2E6 /* MorningStarUITests.swift */; };
		F02581A22C62C293006CB2E6 /* MorningStarUITestsLaunchTests.swift in Sources */ = {isa = PBXBuildFile; fileRef = F02581A12C62C293006CB2E6 /* MorningStarUITestsLaunchTests.swift */; };
		F02581AF2C62C6F3006CB2E6 /* DashboardView.swift in Sources */ = {isa = PBXBuildFile; fileRef = F02581AE2C62C6F3006CB2E6 /* DashboardView.swift */; };
		F02755782D4C3334000B3524 /* StepDataManagerFactoryTests.swift in Sources */ = {isa = PBXBuildFile; fileRef = F02755772D4C3334000B3524 /* StepDataManagerFactoryTests.swift */; };
		F027557A2D4D7ADB000B3524 /* CalorieDataManagerFactoryTests.swift in Sources */ = {isa = PBXBuildFile; fileRef = F02755792D4D7ADB000B3524 /* CalorieDataManagerFactoryTests.swift */; };
		F027557C2D4D80E3000B3524 /* WeightDataManagerFactoryTests.swift in Sources */ = {isa = PBXBuildFile; fileRef = F027557B2D4D80E3000B3524 /* WeightDataManagerFactoryTests.swift */; };
		F027557E2D4D9E3A000B3524 /* SleepDataManagerFactoryTests.swift in Sources */ = {isa = PBXBuildFile; fileRef = F027557D2D4D9E3A000B3524 /* SleepDataManagerFactoryTests.swift */; };
		F02755802D4E6953000B3524 /* WorkoutDataManagerFactoryTests.swift in Sources */ = {isa = PBXBuildFile; fileRef = F027557F2D4E6953000B3524 /* WorkoutDataManagerFactoryTests.swift */; };
		F03599872C7FD1B3008715FF /* MSImageWithTitle.swift in Sources */ = {isa = PBXBuildFile; fileRef = F03599862C7FD1B3008715FF /* MSImageWithTitle.swift */; };
		F03599892C7FD2E4008715FF /* LegendView.swift in Sources */ = {isa = PBXBuildFile; fileRef = F03599882C7FD2E4008715FF /* LegendView.swift */; };
		F03AA6E12C6426F2003C1BB3 /* Color+Theme.swift in Sources */ = {isa = PBXBuildFile; fileRef = F03AA6E02C6426F2003C1BB3 /* Color+Theme.swift */; };
		F04A78B82C6647C100E8FB1C /* Constants.swift in Sources */ = {isa = PBXBuildFile; fileRef = F04A78B72C6647C100E8FB1C /* Constants.swift */; };
		F04A78BA2C664A3000E8FB1C /* MSLogo.swift in Sources */ = {isa = PBXBuildFile; fileRef = F04A78B92C664A3000E8FB1C /* MSLogo.swift */; };
		F04A78BC2C665D3300E8FB1C /* MSTodayDateTitle.swift in Sources */ = {isa = PBXBuildFile; fileRef = F04A78BB2C665D3300E8FB1C /* MSTodayDateTitle.swift */; };
		F04CF6BD2D662C7F000F61EB /* ActivityGroupingTests.swift in Sources */ = {isa = PBXBuildFile; fileRef = F04CF6BC2D662C7F000F61EB /* ActivityGroupingTests.swift */; };
		F0512F052C85107900FA033F /* HealthData.swift in Sources */ = {isa = PBXBuildFile; fileRef = F0512F042C85107900FA033F /* HealthData.swift */; };
		F0512F072C85109A00FA033F /* HealthViewModel.swift in Sources */ = {isa = PBXBuildFile; fileRef = F0512F062C85109A00FA033F /* HealthViewModel.swift */; };
		F0512F0F2C8513D100FA033F /* IntersectionPoint.swift in Sources */ = {isa = PBXBuildFile; fileRef = F0512F082C8513D100FA033F /* IntersectionPoint.swift */; };
		F0512F102C8513D100FA033F /* LineChart.swift in Sources */ = {isa = PBXBuildFile; fileRef = F0512F092C8513D100FA033F /* LineChart.swift */; };
		F0512F112C8513D100FA033F /* SliderBar.swift in Sources */ = {isa = PBXBuildFile; fileRef = F0512F0A2C8513D100FA033F /* SliderBar.swift */; };
		F0512F122C8513D100FA033F /* ValueDisplay.swift in Sources */ = {isa = PBXBuildFile; fileRef = F0512F0B2C8513D100FA033F /* ValueDisplay.swift */; };
		F0512F132C8513D100FA033F /* MSLineChartView.swift in Sources */ = {isa = PBXBuildFile; fileRef = F0512F0D2C8513D100FA033F /* MSLineChartView.swift */; };
		F052A14D2CCAE6D800101521 /* MSStackedChartCardSkeletonView.swift in Sources */ = {isa = PBXBuildFile; fileRef = F052A14C2CCAE6D800101521 /* MSStackedChartCardSkeletonView.swift */; };
		F052A14F2CCAE71D00101521 /* MSLineChartCardSkeletonView.swift in Sources */ = {isa = PBXBuildFile; fileRef = F052A14E2CCAE71D00101521 /* MSLineChartCardSkeletonView.swift */; };
		F052A1532CCBE77F00101521 /* HealthDataModel.xcdatamodeld in Sources */ = {isa = PBXBuildFile; fileRef = F052A1512CCBE77F00101521 /* HealthDataModel.xcdatamodeld */; };
		F053303F2C6A9E2C00F628C5 /* HeaderView.swift in Sources */ = {isa = PBXBuildFile; fileRef = F053303E2C6A9E2C00F628C5 /* HeaderView.swift */; };
		F05330422C6A9FF800F628C5 /* ContentView.swift in Sources */ = {isa = PBXBuildFile; fileRef = F05330412C6A9FF800F628C5 /* ContentView.swift */; };
		F05330442C6AA58200F628C5 /* MSImage.swift in Sources */ = {isa = PBXBuildFile; fileRef = F05330432C6AA58200F628C5 /* MSImage.swift */; };
		F05330462C6AACD100F628C5 /* MSVerticalSeparator.swift in Sources */ = {isa = PBXBuildFile; fileRef = F05330452C6AACD100F628C5 /* MSVerticalSeparator.swift */; };
		F053CF6D2C6B968D000E2EFD /* MSDashboardHeaderMetricView.swift in Sources */ = {isa = PBXBuildFile; fileRef = F053CF6C2C6B968D000E2EFD /* MSDashboardHeaderMetricView.swift */; };
		F05D0A492D68FF87006706FF /* StepDataManagerFactoryTests2.swift in Sources */ = {isa = PBXBuildFile; fileRef = F05D0A482D68FF7D006706FF /* StepDataManagerFactoryTests2.swift */; };
		F076E42C2C7E37DF0080BA83 /* MSThemeToggleView.swift in Sources */ = {isa = PBXBuildFile; fileRef = F076E42B2C7E37DF0080BA83 /* MSThemeToggleView.swift */; };
		F076E42F2C7E37F30080BA83 /* MSThemeToggleButton.swift in Sources */ = {isa = PBXBuildFile; fileRef = F076E42E2C7E37F30080BA83 /* MSThemeToggleButton.swift */; };
		F076E4312C7E386C0080BA83 /* ColorSheme+Theme.swift in Sources */ = {isa = PBXBuildFile; fileRef = F076E4302C7E386C0080BA83 /* ColorSheme+Theme.swift */; };
		F077C4062CC823F400A88556 /* ActivityDataProvider.swift in Sources */ = {isa = PBXBuildFile; fileRef = F077C4052CC823F400A88556 /* ActivityDataProvider.swift */; };
		F077C4082CC8240E00A88556 /* ActivityDisplayable.swift in Sources */ = {isa = PBXBuildFile; fileRef = F077C4072CC8240B00A88556 /* ActivityDisplayable.swift */; };
		F077C40A2CC8243500A88556 /* IndexManageable.swift in Sources */ = {isa = PBXBuildFile; fileRef = F077C4092CC8243500A88556 /* IndexManageable.swift */; };
		F077C40C2CC8246600A88556 /* PeriodSelectable.swift in Sources */ = {isa = PBXBuildFile; fileRef = F077C40B2CC8246600A88556 /* PeriodSelectable.swift */; };
		F077C40E2CC8248600A88556 /* LineChartViewModel.swift in Sources */ = {isa = PBXBuildFile; fileRef = F077C40D2CC8248600A88556 /* LineChartViewModel.swift */; };
		F077C4102CC824CB00A88556 /* WeightLineChartViewModel.swift in Sources */ = {isa = PBXBuildFile; fileRef = F077C40F2CC824CB00A88556 /* WeightLineChartViewModel.swift */; };
		F077C4122CC824E200A88556 /* ActivityLineChartViewModel.swift in Sources */ = {isa = PBXBuildFile; fileRef = F077C4112CC824E200A88556 /* ActivityLineChartViewModel.swift */; };
		F077C4142CC824F600A88556 /* SleepLineChartViewModel.swift in Sources */ = {isa = PBXBuildFile; fileRef = F077C4132CC824F600A88556 /* SleepLineChartViewModel.swift */; };
		F077C4162CC82C5800A88556 /* WorkoutStackedChartViewModel.swift in Sources */ = {isa = PBXBuildFile; fileRef = F077C4152CC82C5800A88556 /* WorkoutStackedChartViewModel.swift */; };
		F077C41A2CC9684B00A88556 /* WorkoutMockData.swift in Sources */ = {isa = PBXBuildFile; fileRef = F077C4192CC9684B00A88556 /* WorkoutMockData.swift */; };
		F083A0172CBD40960085C1D0 /* WorkoutIntensityAnalyzer.swift in Sources */ = {isa = PBXBuildFile; fileRef = F083A0162CBD40960085C1D0 /* WorkoutIntensityAnalyzer.swift */; };
		F083A0192CBD40D50085C1D0 /* HealthDataProcessor.swift in Sources */ = {isa = PBXBuildFile; fileRef = F083A0182CBD40D50085C1D0 /* HealthDataProcessor.swift */; };
		F083A01C2CBDB99A0085C1D0 /* QueryDescriptor.swift in Sources */ = {isa = PBXBuildFile; fileRef = F083A01B2CBDB99A0085C1D0 /* QueryDescriptor.swift */; };
		F083A01E2CBDBAB30085C1D0 /* GenericHealthDataManager.swift in Sources */ = {isa = PBXBuildFile; fileRef = F083A01D2CBDBAB30085C1D0 /* GenericHealthDataManager.swift */; };
		F083A0212CBDD2CD0085C1D0 /* HeartRateDataManagerFactory.swift in Sources */ = {isa = PBXBuildFile; fileRef = F083A0202CBDD2CD0085C1D0 /* HeartRateDataManagerFactory.swift */; };
		F083A0252CBDD3500085C1D0 /* WorkoutDataManagerFactory.swift in Sources */ = {isa = PBXBuildFile; fileRef = F083A0242CBDD3500085C1D0 /* WorkoutDataManagerFactory.swift */; };
		F083A0272CBDD3720085C1D0 /* SleepDataManagerFactory.swift in Sources */ = {isa = PBXBuildFile; fileRef = F083A0262CBDD3720085C1D0 /* SleepDataManagerFactory.swift */; };
		F083A0292CBDD38B0085C1D0 /* WeightDataManagerFactory.swift in Sources */ = {isa = PBXBuildFile; fileRef = F083A0282CBDD38B0085C1D0 /* WeightDataManagerFactory.swift */; };
		F083A02B2CBDD3B30085C1D0 /* StepDataManagerFactory.swift in Sources */ = {isa = PBXBuildFile; fileRef = F083A02A2CBDD3B30085C1D0 /* StepDataManagerFactory.swift */; };
		F083A02D2CBDD3DB0085C1D0 /* CalorieBurnedDataManagerFactory.swift in Sources */ = {isa = PBXBuildFile; fileRef = F083A02C2CBDD3DB0085C1D0 /* CalorieBurnedDataManagerFactory.swift */; };
		F083A02F2CBDD4190085C1D0 /* HealthKitError.swift in Sources */ = {isa = PBXBuildFile; fileRef = F083A02E2CBDD4190085C1D0 /* HealthKitError.swift */; };
		F083A0312CBF1E740085C1D0 /* HealthDataProcessor+Debug.swift in Sources */ = {isa = PBXBuildFile; fileRef = F083A0302CBF1E740085C1D0 /* HealthDataProcessor+Debug.swift */; };
		F08576522CA4180C003B2252 /* HealthData+Generator.swift in Sources */ = {isa = PBXBuildFile; fileRef = F08576512CA4180C003B2252 /* HealthData+Generator.swift */; };
		F08576542CA46268003B2252 /* MSSelectionTimePeriodView.swift in Sources */ = {isa = PBXBuildFile; fileRef = F08576532CA46268003B2252 /* MSSelectionTimePeriodView.swift */; };
		F0BD91C12F158BF100BA7F4E /* HealthTypes+UI.swift in Sources */ = {isa = PBXBuildFile; fileRef = F0BD91C02F158BF100BA7F4E /* HealthTypes+UI.swift */; };
		F0C7CE362D5246B8002F0CC6 /* CoreDataSource.swift in Sources */ = {isa = PBXBuildFile; fileRef = F0C7CE352D5246B8002F0CC6 /* CoreDataSource.swift */; };
		F0C7CE382D524815002F0CC6 /* HealthKitSource.swift in Sources */ = {isa = PBXBuildFile; fileRef = F0C7CE372D524815002F0CC6 /* HealthKitSource.swift */; };
		F0C7CE3A2D5248F7002F0CC6 /* HealthMetrics.swift in Sources */ = {isa = PBXBuildFile; fileRef = F0C7CE392D5248F4002F0CC6 /* HealthMetrics.swift */; };
		F0C7CE3D2D524A30002F0CC6 /* SyncStrategy.swift in Sources */ = {isa = PBXBuildFile; fileRef = F0C7CE3C2D524A2F002F0CC6 /* SyncStrategy.swift */; };
		F0C7CE3F2D524A4C002F0CC6 /* SyncStorage.swift in Sources */ = {isa = PBXBuildFile; fileRef = F0C7CE3E2D524A4B002F0CC6 /* SyncStorage.swift */; };
		F0C7CE432D524AA7002F0CC6 /* HealthKitAuthorizationManager.swift in Sources */ = {isa = PBXBuildFile; fileRef = F0C7CE422D524AA6002F0CC6 /* HealthKitAuthorizationManager.swift */; };
		F0C7CE452D524AE0002F0CC6 /* HealthRepository.swift in Sources */ = {isa = PBXBuildFile; fileRef = F0C7CE442D524ADF002F0CC6 /* HealthRepository.swift */; };
		F0C7CE472D526108002F0CC6 /* HealthDataFactoryProtocol.swift in Sources */ = {isa = PBXBuildFile; fileRef = F0C7CE462D526107002F0CC6 /* HealthDataFactoryProtocol.swift */; };
		F0CFA07D2C76368300B7FD7D /* MSUpDownArrow.swift in Sources */ = {isa = PBXBuildFile; fileRef = F0CFA07C2C76368300B7FD7D /* MSUpDownArrow.swift */; };
		F0CFA07F2C765A5800B7FD7D /* MSChartCardView.swift in Sources */ = {isa = PBXBuildFile; fileRef = F0CFA07E2C765A5800B7FD7D /* MSChartCardView.swift */; };
		F0D5E0142C6E66EA00EE647B /* MSStackedChart.swift in Sources */ = {isa = PBXBuildFile; fileRef = F0D5E0132C6E66EA00EE647B /* MSStackedChart.swift */; };
		F0D5E0162C6E66F500EE647B /* MSStackedChartCardView.swift in Sources */ = {isa = PBXBuildFile; fileRef = F0D5E0152C6E66F500EE647B /* MSStackedChartCardView.swift */; };
		F0D69FD32CA4ACB5005F329C /* MSDateNavigationView.swift in Sources */ = {isa = PBXBuildFile; fileRef = F0D69FD22CA4ACB5005F329C /* MSDateNavigationView.swift */; };
		F0FF79D12C7E958D00DA3A54 /* XAxisLabels.swift in Sources */ = {isa = PBXBuildFile; fileRef = F0FF79D02C7E958D00DA3A54 /* XAxisLabels.swift */; };
		F0FF79D32C7E967B00DA3A54 /* YAxisLabelsAndGridLines.swift in Sources */ = {isa = PBXBuildFile; fileRef = F0FF79D22C7E967B00DA3A54 /* YAxisLabelsAndGridLines.swift */; };
		F0FF79D52C7E973000DA3A54 /* IntensityStack.swift in Sources */ = {isa = PBXBuildFile; fileRef = F0FF79D42C7E973000DA3A54 /* IntensityStack.swift */; };
/* End PBXBuildFile section */

/* Begin PBXContainerItemProxy section */
		F02581922C62C293006CB2E6 /* PBXContainerItemProxy */ = {
			isa = PBXContainerItemProxy;
			containerPortal = F02581762C62C292006CB2E6 /* Project object */;
			proxyType = 1;
			remoteGlobalIDString = F025817D2C62C292006CB2E6;
			remoteInfo = MorningStar;
		};
		F025819C2C62C293006CB2E6 /* PBXContainerItemProxy */ = {
			isa = PBXContainerItemProxy;
			containerPortal = F02581762C62C292006CB2E6 /* Project object */;
			proxyType = 1;
			remoteGlobalIDString = F025817D2C62C292006CB2E6;
			remoteInfo = MorningStar;
		};
/* End PBXContainerItemProxy section */

/* Begin PBXFileReference section */
		F0205FC22D55037400910753 /* Logger.swift */ = {isa = PBXFileReference; lastKnownFileType = sourcecode.swift; path = Logger.swift; sourceTree = "<group>"; };
		F0205FC82D55149100910753 /* CoreDataError.swift */ = {isa = PBXFileReference; lastKnownFileType = sourcecode.swift; path = CoreDataError.swift; sourceTree = "<group>"; };
		F0205FCA2D55228300910753 /* Date.swift */ = {isa = PBXFileReference; lastKnownFileType = sourcecode.swift; path = Date.swift; sourceTree = "<group>"; };
		F025817E2C62C292006CB2E6 /* MorningStar.app */ = {isa = PBXFileReference; explicitFileType = wrapper.application; includeInIndex = 0; path = MorningStar.app; sourceTree = BUILT_PRODUCTS_DIR; };
		F02581812C62C292006CB2E6 /* MorningStarApp.swift */ = {isa = PBXFileReference; lastKnownFileType = sourcecode.swift; path = MorningStarApp.swift; sourceTree = "<group>"; };
		F02581872C62C293006CB2E6 /* Assets.xcassets */ = {isa = PBXFileReference; lastKnownFileType = folder.assetcatalog; path = Assets.xcassets; sourceTree = "<group>"; };
		F02581892C62C293006CB2E6 /* MorningStar.entitlements */ = {isa = PBXFileReference; lastKnownFileType = text.plist.entitlements; path = MorningStar.entitlements; sourceTree = "<group>"; };
		F025818B2C62C293006CB2E6 /* Preview Assets.xcassets */ = {isa = PBXFileReference; lastKnownFileType = folder.assetcatalog; path = "Preview Assets.xcassets"; sourceTree = "<group>"; };
		F02581912C62C293006CB2E6 /* MorningStarTests.xctest */ = {isa = PBXFileReference; explicitFileType = wrapper.cfbundle; includeInIndex = 0; path = MorningStarTests.xctest; sourceTree = BUILT_PRODUCTS_DIR; };
		F02581952C62C293006CB2E6 /* MorningStarTests.swift */ = {isa = PBXFileReference; lastKnownFileType = sourcecode.swift; path = MorningStarTests.swift; sourceTree = "<group>"; };
		F025819B2C62C293006CB2E6 /* MorningStarUITests.xctest */ = {isa = PBXFileReference; explicitFileType = wrapper.cfbundle; includeInIndex = 0; path = MorningStarUITests.xctest; sourceTree = BUILT_PRODUCTS_DIR; };
		F025819F2C62C293006CB2E6 /* MorningStarUITests.swift */ = {isa = PBXFileReference; lastKnownFileType = sourcecode.swift; path = MorningStarUITests.swift; sourceTree = "<group>"; };
		F02581A12C62C293006CB2E6 /* MorningStarUITestsLaunchTests.swift */ = {isa = PBXFileReference; lastKnownFileType = sourcecode.swift; path = MorningStarUITestsLaunchTests.swift; sourceTree = "<group>"; };
		F02581AE2C62C6F3006CB2E6 /* DashboardView.swift */ = {isa = PBXFileReference; lastKnownFileType = sourcecode.swift; path = DashboardView.swift; sourceTree = "<group>"; };
		F02755772D4C3334000B3524 /* StepDataManagerFactoryTests.swift */ = {isa = PBXFileReference; lastKnownFileType = sourcecode.swift; path = StepDataManagerFactoryTests.swift; sourceTree = "<group>"; };
		F02755792D4D7ADB000B3524 /* CalorieDataManagerFactoryTests.swift */ = {isa = PBXFileReference; lastKnownFileType = sourcecode.swift; path = CalorieDataManagerFactoryTests.swift; sourceTree = "<group>"; };
		F027557B2D4D80E3000B3524 /* WeightDataManagerFactoryTests.swift */ = {isa = PBXFileReference; lastKnownFileType = sourcecode.swift; path = WeightDataManagerFactoryTests.swift; sourceTree = "<group>"; };
		F027557D2D4D9E3A000B3524 /* SleepDataManagerFactoryTests.swift */ = {isa = PBXFileReference; lastKnownFileType = sourcecode.swift; path = SleepDataManagerFactoryTests.swift; sourceTree = "<group>"; };
		F027557F2D4E6953000B3524 /* WorkoutDataManagerFactoryTests.swift */ = {isa = PBXFileReference; lastKnownFileType = sourcecode.swift; path = WorkoutDataManagerFactoryTests.swift; sourceTree = "<group>"; };
		F03599862C7FD1B3008715FF /* MSImageWithTitle.swift */ = {isa = PBXFileReference; lastKnownFileType = sourcecode.swift; path = MSImageWithTitle.swift; sourceTree = "<group>"; };
		F03599882C7FD2E4008715FF /* LegendView.swift */ = {isa = PBXFileReference; lastKnownFileType = sourcecode.swift; path = LegendView.swift; sourceTree = "<group>"; };
		F03AA6E02C6426F2003C1BB3 /* Color+Theme.swift */ = {isa = PBXFileReference; lastKnownFileType = sourcecode.swift; path = "Color+Theme.swift"; sourceTree = "<group>"; };
		F04A78B72C6647C100E8FB1C /* Constants.swift */ = {isa = PBXFileReference; lastKnownFileType = sourcecode.swift; path = Constants.swift; sourceTree = "<group>"; };
		F04A78B92C664A3000E8FB1C /* MSLogo.swift */ = {isa = PBXFileReference; lastKnownFileType = sourcecode.swift; path = MSLogo.swift; sourceTree = "<group>"; };
		F04A78BB2C665D3300E8FB1C /* MSTodayDateTitle.swift */ = {isa = PBXFileReference; lastKnownFileType = sourcecode.swift; path = MSTodayDateTitle.swift; sourceTree = "<group>"; };
		F04CF6BC2D662C7F000F61EB /* ActivityGroupingTests.swift */ = {isa = PBXFileReference; lastKnownFileType = sourcecode.swift; path = ActivityGroupingTests.swift; sourceTree = "<group>"; };
		F0512F042C85107900FA033F /* HealthData.swift */ = {isa = PBXFileReference; lastKnownFileType = sourcecode.swift; path = HealthData.swift; sourceTree = "<group>"; };
		F0512F062C85109A00FA033F /* HealthViewModel.swift */ = {isa = PBXFileReference; lastKnownFileType = sourcecode.swift; path = HealthViewModel.swift; sourceTree = "<group>"; };
		F0512F082C8513D100FA033F /* IntersectionPoint.swift */ = {isa = PBXFileReference; fileEncoding = 4; lastKnownFileType = sourcecode.swift; path = IntersectionPoint.swift; sourceTree = "<group>"; };
		F0512F092C8513D100FA033F /* LineChart.swift */ = {isa = PBXFileReference; fileEncoding = 4; lastKnownFileType = sourcecode.swift; path = LineChart.swift; sourceTree = "<group>"; };
		F0512F0A2C8513D100FA033F /* SliderBar.swift */ = {isa = PBXFileReference; fileEncoding = 4; lastKnownFileType = sourcecode.swift; path = SliderBar.swift; sourceTree = "<group>"; };
		F0512F0B2C8513D100FA033F /* ValueDisplay.swift */ = {isa = PBXFileReference; fileEncoding = 4; lastKnownFileType = sourcecode.swift; path = ValueDisplay.swift; sourceTree = "<group>"; };
		F0512F0D2C8513D100FA033F /* MSLineChartView.swift */ = {isa = PBXFileReference; fileEncoding = 4; lastKnownFileType = sourcecode.swift; path = MSLineChartView.swift; sourceTree = "<group>"; };
		F052A14C2CCAE6D800101521 /* MSStackedChartCardSkeletonView.swift */ = {isa = PBXFileReference; lastKnownFileType = sourcecode.swift; path = MSStackedChartCardSkeletonView.swift; sourceTree = "<group>"; };
		F052A14E2CCAE71D00101521 /* MSLineChartCardSkeletonView.swift */ = {isa = PBXFileReference; lastKnownFileType = sourcecode.swift; path = MSLineChartCardSkeletonView.swift; sourceTree = "<group>"; };
		F052A1522CCBE77F00101521 /* HealthDataModel.xcdatamodel */ = {isa = PBXFileReference; lastKnownFileType = wrapper.xcdatamodel; path = HealthDataModel.xcdatamodel; sourceTree = "<group>"; };
		F052A1552CCC387D00101521 /* CoreData.framework */ = {isa = PBXFileReference; lastKnownFileType = wrapper.framework; name = CoreData.framework; path = Platforms/iPhoneOS.platform/Developer/SDKs/iPhoneOS18.0.sdk/System/Library/Frameworks/CoreData.framework; sourceTree = DEVELOPER_DIR; };
		F053303E2C6A9E2C00F628C5 /* HeaderView.swift */ = {isa = PBXFileReference; lastKnownFileType = sourcecode.swift; path = HeaderView.swift; sourceTree = "<group>"; };
		F05330412C6A9FF800F628C5 /* ContentView.swift */ = {isa = PBXFileReference; lastKnownFileType = sourcecode.swift; path = ContentView.swift; sourceTree = "<group>"; };
		F05330432C6AA58200F628C5 /* MSImage.swift */ = {isa = PBXFileReference; lastKnownFileType = sourcecode.swift; path = MSImage.swift; sourceTree = "<group>"; };
		F05330452C6AACD100F628C5 /* MSVerticalSeparator.swift */ = {isa = PBXFileReference; lastKnownFileType = sourcecode.swift; path = MSVerticalSeparator.swift; sourceTree = "<group>"; };
		F053CF6C2C6B968D000E2EFD /* MSDashboardHeaderMetricView.swift */ = {isa = PBXFileReference; lastKnownFileType = sourcecode.swift; path = MSDashboardHeaderMetricView.swift; sourceTree = "<group>"; };
		F05D0A482D68FF7D006706FF /* StepDataManagerFactoryTests2.swift */ = {isa = PBXFileReference; lastKnownFileType = sourcecode.swift; path = StepDataManagerFactoryTests2.swift; sourceTree = "<group>"; };
		F076E42B2C7E37DF0080BA83 /* MSThemeToggleView.swift */ = {isa = PBXFileReference; lastKnownFileType = sourcecode.swift; path = MSThemeToggleView.swift; sourceTree = "<group>"; };
		F076E42E2C7E37F30080BA83 /* MSThemeToggleButton.swift */ = {isa = PBXFileReference; lastKnownFileType = sourcecode.swift; path = MSThemeToggleButton.swift; sourceTree = "<group>"; };
		F076E4302C7E386C0080BA83 /* ColorSheme+Theme.swift */ = {isa = PBXFileReference; lastKnownFileType = sourcecode.swift; path = "ColorSheme+Theme.swift"; sourceTree = "<group>"; };
		F077C4052CC823F400A88556 /* ActivityDataProvider.swift */ = {isa = PBXFileReference; lastKnownFileType = sourcecode.swift; path = ActivityDataProvider.swift; sourceTree = "<group>"; };
		F077C4072CC8240B00A88556 /* ActivityDisplayable.swift */ = {isa = PBXFileReference; lastKnownFileType = sourcecode.swift; path = ActivityDisplayable.swift; sourceTree = "<group>"; };
		F077C4092CC8243500A88556 /* IndexManageable.swift */ = {isa = PBXFileReference; lastKnownFileType = sourcecode.swift; path = IndexManageable.swift; sourceTree = "<group>"; };
		F077C40B2CC8246600A88556 /* PeriodSelectable.swift */ = {isa = PBXFileReference; lastKnownFileType = sourcecode.swift; path = PeriodSelectable.swift; sourceTree = "<group>"; };
		F077C40D2CC8248600A88556 /* LineChartViewModel.swift */ = {isa = PBXFileReference; lastKnownFileType = sourcecode.swift; path = LineChartViewModel.swift; sourceTree = "<group>"; };
		F077C40F2CC824CB00A88556 /* WeightLineChartViewModel.swift */ = {isa = PBXFileReference; lastKnownFileType = sourcecode.swift; path = WeightLineChartViewModel.swift; sourceTree = "<group>"; };
		F077C4112CC824E200A88556 /* ActivityLineChartViewModel.swift */ = {isa = PBXFileReference; lastKnownFileType = sourcecode.swift; path = ActivityLineChartViewModel.swift; sourceTree = "<group>"; };
		F077C4132CC824F600A88556 /* SleepLineChartViewModel.swift */ = {isa = PBXFileReference; lastKnownFileType = sourcecode.swift; path = SleepLineChartViewModel.swift; sourceTree = "<group>"; };
		F077C4152CC82C5800A88556 /* WorkoutStackedChartViewModel.swift */ = {isa = PBXFileReference; lastKnownFileType = sourcecode.swift; path = WorkoutStackedChartViewModel.swift; sourceTree = "<group>"; };
		F077C4192CC9684B00A88556 /* WorkoutMockData.swift */ = {isa = PBXFileReference; lastKnownFileType = sourcecode.swift; path = WorkoutMockData.swift; sourceTree = "<group>"; };
		F083A0162CBD40960085C1D0 /* WorkoutIntensityAnalyzer.swift */ = {isa = PBXFileReference; lastKnownFileType = sourcecode.swift; path = WorkoutIntensityAnalyzer.swift; sourceTree = "<group>"; };
		F083A0182CBD40D50085C1D0 /* HealthDataProcessor.swift */ = {isa = PBXFileReference; lastKnownFileType = sourcecode.swift; path = HealthDataProcessor.swift; sourceTree = "<group>"; };
		F083A01B2CBDB99A0085C1D0 /* QueryDescriptor.swift */ = {isa = PBXFileReference; lastKnownFileType = sourcecode.swift; path = QueryDescriptor.swift; sourceTree = "<group>"; };
		F083A01D2CBDBAB30085C1D0 /* GenericHealthDataManager.swift */ = {isa = PBXFileReference; lastKnownFileType = sourcecode.swift; path = GenericHealthDataManager.swift; sourceTree = "<group>"; };
		F083A0202CBDD2CD0085C1D0 /* HeartRateDataManagerFactory.swift */ = {isa = PBXFileReference; lastKnownFileType = sourcecode.swift; path = HeartRateDataManagerFactory.swift; sourceTree = "<group>"; };
		F083A0242CBDD3500085C1D0 /* WorkoutDataManagerFactory.swift */ = {isa = PBXFileReference; lastKnownFileType = sourcecode.swift; path = WorkoutDataManagerFactory.swift; sourceTree = "<group>"; };
		F083A0262CBDD3720085C1D0 /* SleepDataManagerFactory.swift */ = {isa = PBXFileReference; lastKnownFileType = sourcecode.swift; path = SleepDataManagerFactory.swift; sourceTree = "<group>"; };
		F083A0282CBDD38B0085C1D0 /* WeightDataManagerFactory.swift */ = {isa = PBXFileReference; lastKnownFileType = sourcecode.swift; path = WeightDataManagerFactory.swift; sourceTree = "<group>"; };
		F083A02A2CBDD3B30085C1D0 /* StepDataManagerFactory.swift */ = {isa = PBXFileReference; lastKnownFileType = sourcecode.swift; path = StepDataManagerFactory.swift; sourceTree = "<group>"; };
		F083A02C2CBDD3DB0085C1D0 /* CalorieBurnedDataManagerFactory.swift */ = {isa = PBXFileReference; lastKnownFileType = sourcecode.swift; path = CalorieBurnedDataManagerFactory.swift; sourceTree = "<group>"; };
		F083A02E2CBDD4190085C1D0 /* HealthKitError.swift */ = {isa = PBXFileReference; lastKnownFileType = sourcecode.swift; path = HealthKitError.swift; sourceTree = "<group>"; };
		F083A0302CBF1E740085C1D0 /* HealthDataProcessor+Debug.swift */ = {isa = PBXFileReference; lastKnownFileType = sourcecode.swift; path = "HealthDataProcessor+Debug.swift"; sourceTree = "<group>"; };
		F08576512CA4180C003B2252 /* HealthData+Generator.swift */ = {isa = PBXFileReference; lastKnownFileType = sourcecode.swift; path = "HealthData+Generator.swift"; sourceTree = "<group>"; };
		F08576532CA46268003B2252 /* MSSelectionTimePeriodView.swift */ = {isa = PBXFileReference; lastKnownFileType = sourcecode.swift; path = MSSelectionTimePeriodView.swift; sourceTree = "<group>"; };
		F0BD91C02F158BF100BA7F4E /* HealthTypes+UI.swift */ = {isa = PBXFileReference; lastKnownFileType = sourcecode.swift; path = "HealthTypes+UI.swift"; sourceTree = "<group>"; };
		F0C7CE352D5246B8002F0CC6 /* CoreDataSource.swift */ = {isa = PBXFileReference; lastKnownFileType = sourcecode.swift; path = CoreDataSource.swift; sourceTree = "<group>"; };
		F0C7CE372D524815002F0CC6 /* HealthKitSource.swift */ = {isa = PBXFileReference; lastKnownFileType = sourcecode.swift; path = HealthKitSource.swift; sourceTree = "<group>"; };
		F0C7CE392D5248F4002F0CC6 /* HealthMetrics.swift */ = {isa = PBXFileReference; lastKnownFileType = sourcecode.swift; path = HealthMetrics.swift; sourceTree = "<group>"; };
		F0C7CE3C2D524A2F002F0CC6 /* SyncStrategy.swift */ = {isa = PBXFileReference; lastKnownFileType = sourcecode.swift; path = SyncStrategy.swift; sourceTree = "<group>"; };
		F0C7CE3E2D524A4B002F0CC6 /* SyncStorage.swift */ = {isa = PBXFileReference; lastKnownFileType = sourcecode.swift; path = SyncStorage.swift; sourceTree = "<group>"; };
		F0C7CE422D524AA6002F0CC6 /* HealthKitAuthorizationManager.swift */ = {isa = PBXFileReference; lastKnownFileType = sourcecode.swift; path = HealthKitAuthorizationManager.swift; sourceTree = "<group>"; };
		F0C7CE442D524ADF002F0CC6 /* HealthRepository.swift */ = {isa = PBXFileReference; lastKnownFileType = sourcecode.swift; path = HealthRepository.swift; sourceTree = "<group>"; };
		F0C7CE462D526107002F0CC6 /* HealthDataFactoryProtocol.swift */ = {isa = PBXFileReference; lastKnownFileType = sourcecode.swift; path = HealthDataFactoryProtocol.swift; sourceTree = "<group>"; };
		F0CFA07C2C76368300B7FD7D /* MSUpDownArrow.swift */ = {isa = PBXFileReference; lastKnownFileType = sourcecode.swift; path = MSUpDownArrow.swift; sourceTree = "<group>"; };
		F0CFA07E2C765A5800B7FD7D /* MSChartCardView.swift */ = {isa = PBXFileReference; lastKnownFileType = sourcecode.swift; path = MSChartCardView.swift; sourceTree = "<group>"; };
		F0D5E0132C6E66EA00EE647B /* MSStackedChart.swift */ = {isa = PBXFileReference; lastKnownFileType = sourcecode.swift; path = MSStackedChart.swift; sourceTree = "<group>"; };
		F0D5E0152C6E66F500EE647B /* MSStackedChartCardView.swift */ = {isa = PBXFileReference; lastKnownFileType = sourcecode.swift; path = MSStackedChartCardView.swift; sourceTree = "<group>"; };
		F0D69FD22CA4ACB5005F329C /* MSDateNavigationView.swift */ = {isa = PBXFileReference; lastKnownFileType = sourcecode.swift; path = MSDateNavigationView.swift; sourceTree = "<group>"; };
		F0FF79D02C7E958D00DA3A54 /* XAxisLabels.swift */ = {isa = PBXFileReference; lastKnownFileType = sourcecode.swift; path = XAxisLabels.swift; sourceTree = "<group>"; };
		F0FF79D22C7E967B00DA3A54 /* YAxisLabelsAndGridLines.swift */ = {isa = PBXFileReference; lastKnownFileType = sourcecode.swift; path = YAxisLabelsAndGridLines.swift; sourceTree = "<group>"; };
		F0FF79D42C7E973000DA3A54 /* IntensityStack.swift */ = {isa = PBXFileReference; lastKnownFileType = sourcecode.swift; path = IntensityStack.swift; sourceTree = "<group>"; };
/* End PBXFileReference section */

/* Begin PBXFrameworksBuildPhase section */
		F025817B2C62C292006CB2E6 /* Frameworks */ = {
			isa = PBXFrameworksBuildPhase;
			buildActionMask = 2147483647;
			files = (
			);
			runOnlyForDeploymentPostprocessing = 0;
		};
		F025818E2C62C293006CB2E6 /* Frameworks */ = {
			isa = PBXFrameworksBuildPhase;
			buildActionMask = 2147483647;
			files = (
			);
			runOnlyForDeploymentPostprocessing = 0;
		};
		F02581982C62C293006CB2E6 /* Frameworks */ = {
			isa = PBXFrameworksBuildPhase;
			buildActionMask = 2147483647;
			files = (
			);
			runOnlyForDeploymentPostprocessing = 0;
		};
/* End PBXFrameworksBuildPhase section */

/* Begin PBXGroup section */
		F02581752C62C292006CB2E6 = {
			isa = PBXGroup;
			children = (
				F02581802C62C292006CB2E6 /* MorningStar */,
				F02581942C62C293006CB2E6 /* MorningStarTests */,
				F025819E2C62C293006CB2E6 /* MorningStarUITests */,
				F052A1542CCC387D00101521 /* Frameworks */,
				F025817F2C62C292006CB2E6 /* Products */,
			);
			sourceTree = "<group>";
		};
		F025817F2C62C292006CB2E6 /* Products */ = {
			isa = PBXGroup;
			children = (
				F025817E2C62C292006CB2E6 /* MorningStar.app */,
				F02581912C62C293006CB2E6 /* MorningStarTests.xctest */,
				F025819B2C62C293006CB2E6 /* MorningStarUITests.xctest */,
			);
			name = Products;
			sourceTree = "<group>";
		};
		F02581802C62C292006CB2E6 /* MorningStar */ = {
			isa = PBXGroup;
			children = (
				F03AA6D32C6425E6003C1BB3 /* Models */,
				F025818A2C62C293006CB2E6 /* Preview Content */,
				F03AA6DE2C64269C003C1BB3 /* Resources */,
				F03AA6DA2C642638003C1BB3 /* Services */,
				F03AA6DC2C642682003C1BB3 /* Utilities */,
				F03AA6D82C642629003C1BB3 /* ViewModels */,
				F03AA6D62C642614003C1BB3 /* Views */,
				F05330412C6A9FF800F628C5 /* ContentView.swift */,
				F02581812C62C292006CB2E6 /* MorningStarApp.swift */,
				F02581892C62C293006CB2E6 /* MorningStar.entitlements */,
			);
			path = MorningStar;
			sourceTree = "<group>";
		};
		F025818A2C62C293006CB2E6 /* Preview Content */ = {
			isa = PBXGroup;
			children = (
				F025818B2C62C293006CB2E6 /* Preview Assets.xcassets */,
			);
			path = "Preview Content";
			sourceTree = "<group>";
		};
		F02581942C62C293006CB2E6 /* MorningStarTests */ = {
			isa = PBXGroup;
			children = (
				F05D0A482D68FF7D006706FF /* StepDataManagerFactoryTests2.swift */,
				F02581952C62C293006CB2E6 /* MorningStarTests.swift */,
				F02755772D4C3334000B3524 /* StepDataManagerFactoryTests.swift */,
				F02755792D4D7ADB000B3524 /* CalorieDataManagerFactoryTests.swift */,
				F027557B2D4D80E3000B3524 /* WeightDataManagerFactoryTests.swift */,
				F027557D2D4D9E3A000B3524 /* SleepDataManagerFactoryTests.swift */,
				F027557F2D4E6953000B3524 /* WorkoutDataManagerFactoryTests.swift */,
				F04CF6BC2D662C7F000F61EB /* ActivityGroupingTests.swift */,
			);
			path = MorningStarTests;
			sourceTree = "<group>";
		};
		F025819E2C62C293006CB2E6 /* MorningStarUITests */ = {
			isa = PBXGroup;
			children = (
				F025819F2C62C293006CB2E6 /* MorningStarUITests.swift */,
				F02581A12C62C293006CB2E6 /* MorningStarUITestsLaunchTests.swift */,
			);
			path = MorningStarUITests;
			sourceTree = "<group>";
		};
		F03AA6D32C6425E6003C1BB3 /* Models */ = {
			isa = PBXGroup;
			children = (
				F052A1502CCBE73F00101521 /* CoreData */,
				F03AA6D52C6425FF003C1BB3 /* Data */,
			);
			path = Models;
			sourceTree = "<group>";
		};
		F03AA6D52C6425FF003C1BB3 /* Data */ = {
			isa = PBXGroup;
			children = (
				F0C7CE462D526107002F0CC6 /* HealthDataFactoryProtocol.swift */,
				F0C7CE392D5248F4002F0CC6 /* HealthMetrics.swift */,
				F0512F042C85107900FA033F /* HealthData.swift */,
			);
			path = Data;
			sourceTree = "<group>";
		};
		F03AA6D62C642614003C1BB3 /* Views */ = {
			isa = PBXGroup;
			children = (
				F076E4282C7E31140080BA83 /* Commun */,
				F053303D2C6A9DF900F628C5 /* Header */,
				F03AA6D72C64261E003C1BB3 /* Dashboard */,
			);
			path = Views;
			sourceTree = "<group>";
		};
		F03AA6D72C64261E003C1BB3 /* Dashboard */ = {
			isa = PBXGroup;
			children = (
				F02581AE2C62C6F3006CB2E6 /* DashboardView.swift */,
				F03AA6E22C642874003C1BB3 /* Components */,
			);
			path = Dashboard;
			sourceTree = "<group>";
		};
		F03AA6D82C642629003C1BB3 /* ViewModels */ = {
			isa = PBXGroup;
			children = (
				F077C4002CC8238B00A88556 /* Chart */,
				F0512F062C85109A00FA033F /* HealthViewModel.swift */,
			);
			path = ViewModels;
			sourceTree = "<group>";
		};
		F03AA6DA2C642638003C1BB3 /* Services */ = {
			isa = PBXGroup;
			children = (
				F0C7CE442D524ADF002F0CC6 /* HealthRepository.swift */,
				F0C7CE3B2D524A13002F0CC6 /* Synchronization */,
				F0D8FB942CCEE7A200E5C1F0 /* CoreData */,
				F083A0152CBD406F0085C1D0 /* HealthKit */,
			);
			path = Services;
			sourceTree = "<group>";
		};
		F03AA6DC2C642682003C1BB3 /* Utilities */ = {
			isa = PBXGroup;
			children = (
				F03AA6DD2C64268F003C1BB3 /* Extensions */,
				F04A78B72C6647C100E8FB1C /* Constants.swift */,
				F0205FC22D55037400910753 /* Logger.swift */,
				F077C4192CC9684B00A88556 /* WorkoutMockData.swift */,
			);
			path = Utilities;
			sourceTree = "<group>";
		};
		F03AA6DD2C64268F003C1BB3 /* Extensions */ = {
			isa = PBXGroup;
			children = (
				F0205FCA2D55228300910753 /* Date.swift */,
				F03AA6E02C6426F2003C1BB3 /* Color+Theme.swift */,
				F076E4302C7E386C0080BA83 /* ColorSheme+Theme.swift */,
				F08576512CA4180C003B2252 /* HealthData+Generator.swift */,
				F083A0302CBF1E740085C1D0 /* HealthDataProcessor+Debug.swift */,
				F0BD91C02F158BF100BA7F4E /* HealthTypes+UI.swift */,
			);
			path = Extensions;
			sourceTree = "<group>";
		};
		F03AA6DE2C64269C003C1BB3 /* Resources */ = {
			isa = PBXGroup;
			children = (
				F02581872C62C293006CB2E6 /* Assets.xcassets */,
			);
			path = Resources;
			sourceTree = "<group>";
		};
		F03AA6E22C642874003C1BB3 /* Components */ = {
			isa = PBXGroup;
			children = (
				F0FF79CC2C7E45E800DA3A54 /* StackedChartCard */,
				F0FF79CA2C7E426A00DA3A54 /* LineChartCard */,
				F053CF6C2C6B968D000E2EFD /* MSDashboardHeaderMetricView.swift */,
			);
			path = Components;
			sourceTree = "<group>";
		};
		F0512F0C2C8513D100FA033F /* Components */ = {
			isa = PBXGroup;
			children = (
				F0512F082C8513D100FA033F /* IntersectionPoint.swift */,
				F0512F092C8513D100FA033F /* LineChart.swift */,
				F0512F0A2C8513D100FA033F /* SliderBar.swift */,
				F0512F0B2C8513D100FA033F /* ValueDisplay.swift */,
			);
			path = Components;
			sourceTree = "<group>";
		};
		F0512F0E2C8513D100FA033F /* LineChart */ = {
			isa = PBXGroup;
			children = (
				F0512F0D2C8513D100FA033F /* MSLineChartView.swift */,
				F0512F0C2C8513D100FA033F /* Components */,
			);
			path = LineChart;
			sourceTree = "<group>";
		};
		F052A1502CCBE73F00101521 /* CoreData */ = {
			isa = PBXGroup;
			children = (
				F052A1512CCBE77F00101521 /* HealthDataModel.xcdatamodeld */,
			);
			path = CoreData;
			sourceTree = "<group>";
		};
		F052A1542CCC387D00101521 /* Frameworks */ = {
			isa = PBXGroup;
			children = (
				F052A1552CCC387D00101521 /* CoreData.framework */,
			);
			name = Frameworks;
			sourceTree = "<group>";
		};
		F053303D2C6A9DF900F628C5 /* Header */ = {
			isa = PBXGroup;
			children = (
				F053303E2C6A9E2C00F628C5 /* HeaderView.swift */,
				F05330402C6A9E6200F628C5 /* Components */,
			);
			path = Header;
			sourceTree = "<group>";
		};
		F05330402C6A9E6200F628C5 /* Components */ = {
			isa = PBXGroup;
			children = (
				F076E42A2C7E37C60080BA83 /* ThemeToggle */,
				F04A78BB2C665D3300E8FB1C /* MSTodayDateTitle.swift */,
				F04A78B92C664A3000E8FB1C /* MSLogo.swift */,
			);
			path = Components;
			sourceTree = "<group>";
		};
		F076E4282C7E31140080BA83 /* Commun */ = {
			isa = PBXGroup;
			children = (
				F05330432C6AA58200F628C5 /* MSImage.swift */,
				F05330452C6AACD100F628C5 /* MSVerticalSeparator.swift */,
				F03599862C7FD1B3008715FF /* MSImageWithTitle.swift */,
			);
			path = Commun;
			sourceTree = "<group>";
		};
		F076E42A2C7E37C60080BA83 /* ThemeToggle */ = {
			isa = PBXGroup;
			children = (
				F076E42B2C7E37DF0080BA83 /* MSThemeToggleView.swift */,
				F076E42D2C7E37E40080BA83 /* Components */,
			);
			path = ThemeToggle;
			sourceTree = "<group>";
		};
		F076E42D2C7E37E40080BA83 /* Components */ = {
			isa = PBXGroup;
			children = (
				F076E42E2C7E37F30080BA83 /* MSThemeToggleButton.swift */,
			);
			path = Components;
			sourceTree = "<group>";
		};
		F077C4002CC8238B00A88556 /* Chart */ = {
			isa = PBXGroup;
			children = (
				F077C4042CC823C500A88556 /* Protocols */,
				F077C4022CC823AC00A88556 /* StackedChart */,
				F077C4012CC8239900A88556 /* LineChart */,
			);
			path = Chart;
			sourceTree = "<group>";
		};
		F077C4012CC8239900A88556 /* LineChart */ = {
			isa = PBXGroup;
			children = (
				F077C4032CC823B900A88556 /* Factories */,
				F077C40D2CC8248600A88556 /* LineChartViewModel.swift */,
			);
			path = LineChart;
			sourceTree = "<group>";
		};
		F077C4022CC823AC00A88556 /* StackedChart */ = {
			isa = PBXGroup;
			children = (
				F077C4152CC82C5800A88556 /* WorkoutStackedChartViewModel.swift */,
			);
			path = StackedChart;
			sourceTree = "<group>";
		};
		F077C4032CC823B900A88556 /* Factories */ = {
			isa = PBXGroup;
			children = (
				F077C40F2CC824CB00A88556 /* WeightLineChartViewModel.swift */,
				F077C4112CC824E200A88556 /* ActivityLineChartViewModel.swift */,
				F077C4132CC824F600A88556 /* SleepLineChartViewModel.swift */,
			);
			path = Factories;
			sourceTree = "<group>";
		};
		F077C4042CC823C500A88556 /* Protocols */ = {
			isa = PBXGroup;
			children = (
				F077C4072CC8240B00A88556 /* ActivityDisplayable.swift */,
				F077C4052CC823F400A88556 /* ActivityDataProvider.swift */,
				F077C4092CC8243500A88556 /* IndexManageable.swift */,
				F077C40B2CC8246600A88556 /* PeriodSelectable.swift */,
			);
			path = Protocols;
			sourceTree = "<group>";
		};
		F083A0152CBD406F0085C1D0 /* HealthKit */ = {
			isa = PBXGroup;
			children = (
				F0C7CE422D524AA6002F0CC6 /* HealthKitAuthorizationManager.swift */,
				F083A01F2CBDBAD20085C1D0 /* Factories */,
				F083A01B2CBDB99A0085C1D0 /* QueryDescriptor.swift */,
				F083A0182CBD40D50085C1D0 /* HealthDataProcessor.swift */,
				F083A0162CBD40960085C1D0 /* WorkoutIntensityAnalyzer.swift */,
				F083A01D2CBDBAB30085C1D0 /* GenericHealthDataManager.swift */,
				F083A02E2CBDD4190085C1D0 /* HealthKitError.swift */,
				F0C7CE372D524815002F0CC6 /* HealthKitSource.swift */,
			);
			path = HealthKit;
			sourceTree = "<group>";
		};
		F083A01F2CBDBAD20085C1D0 /* Factories */ = {
			isa = PBXGroup;
			children = (
				F083A0202CBDD2CD0085C1D0 /* HeartRateDataManagerFactory.swift */,
				F083A0242CBDD3500085C1D0 /* WorkoutDataManagerFactory.swift */,
				F083A0262CBDD3720085C1D0 /* SleepDataManagerFactory.swift */,
				F083A0282CBDD38B0085C1D0 /* WeightDataManagerFactory.swift */,
				F083A02A2CBDD3B30085C1D0 /* StepDataManagerFactory.swift */,
				F083A02C2CBDD3DB0085C1D0 /* CalorieBurnedDataManagerFactory.swift */,
			);
			path = Factories;
			sourceTree = "<group>";
		};
		F0C7CE3B2D524A13002F0CC6 /* Synchronization */ = {
			isa = PBXGroup;
			children = (
				F0C7CE3E2D524A4B002F0CC6 /* SyncStorage.swift */,
				F0C7CE3C2D524A2F002F0CC6 /* SyncStrategy.swift */,
			);
			path = Synchronization;
			sourceTree = "<group>";
		};
		F0D8FB942CCEE7A200E5C1F0 /* CoreData */ = {
			isa = PBXGroup;
			children = (
				F0205FC82D55149100910753 /* CoreDataError.swift */,
				F0C7CE352D5246B8002F0CC6 /* CoreDataSource.swift */,
			);
			path = CoreData;
			sourceTree = "<group>";
		};
		F0FF79CA2C7E426A00DA3A54 /* LineChartCard */ = {
			isa = PBXGroup;
			children = (
				F0CFA07E2C765A5800B7FD7D /* MSChartCardView.swift */,
				F0FF79CB2C7E427000DA3A54 /* Components */,
			);
			path = LineChartCard;
			sourceTree = "<group>";
		};
		F0FF79CB2C7E427000DA3A54 /* Components */ = {
			isa = PBXGroup;
			children = (
				F0512F0E2C8513D100FA033F /* LineChart */,
				F0CFA07C2C76368300B7FD7D /* MSUpDownArrow.swift */,
				F08576532CA46268003B2252 /* MSSelectionTimePeriodView.swift */,
				F0D69FD22CA4ACB5005F329C /* MSDateNavigationView.swift */,
				F052A14E2CCAE71D00101521 /* MSLineChartCardSkeletonView.swift */,
			);
			path = Components;
			sourceTree = "<group>";
		};
		F0FF79CC2C7E45E800DA3A54 /* StackedChartCard */ = {
			isa = PBXGroup;
			children = (
				F0D5E0152C6E66F500EE647B /* MSStackedChartCardView.swift */,
				F0FF79CD2C7E474A00DA3A54 /* Components */,
			);
			path = StackedChartCard;
			sourceTree = "<group>";
		};
		F0FF79CD2C7E474A00DA3A54 /* Components */ = {
			isa = PBXGroup;
			children = (
				F0D5E0132C6E66EA00EE647B /* MSStackedChart.swift */,
				F0FF79D02C7E958D00DA3A54 /* XAxisLabels.swift */,
				F0FF79D22C7E967B00DA3A54 /* YAxisLabelsAndGridLines.swift */,
				F0FF79D42C7E973000DA3A54 /* IntensityStack.swift */,
				F03599882C7FD2E4008715FF /* LegendView.swift */,
				F052A14C2CCAE6D800101521 /* MSStackedChartCardSkeletonView.swift */,
			);
			path = Components;
			sourceTree = "<group>";
		};
/* End PBXGroup section */

/* Begin PBXNativeTarget section */
		F025817D2C62C292006CB2E6 /* MorningStar */ = {
			isa = PBXNativeTarget;
			buildConfigurationList = F02581A52C62C293006CB2E6 /* Build configuration list for PBXNativeTarget "MorningStar" */;
			buildPhases = (
				F025817A2C62C292006CB2E6 /* Sources */,
				F025817B2C62C292006CB2E6 /* Frameworks */,
				F025817C2C62C292006CB2E6 /* Resources */,
			);
			buildRules = (
			);
			dependencies = (
			);
			name = MorningStar;
			productName = MorningStar;
			productReference = F025817E2C62C292006CB2E6 /* MorningStar.app */;
			productType = "com.apple.product-type.application";
		};
		F02581902C62C293006CB2E6 /* MorningStarTests */ = {
			isa = PBXNativeTarget;
			buildConfigurationList = F02581A82C62C293006CB2E6 /* Build configuration list for PBXNativeTarget "MorningStarTests" */;
			buildPhases = (
				F025818D2C62C293006CB2E6 /* Sources */,
				F025818E2C62C293006CB2E6 /* Frameworks */,
				F025818F2C62C293006CB2E6 /* Resources */,
			);
			buildRules = (
			);
			dependencies = (
				F02581932C62C293006CB2E6 /* PBXTargetDependency */,
			);
			name = MorningStarTests;
			productName = MorningStarTests;
			productReference = F02581912C62C293006CB2E6 /* MorningStarTests.xctest */;
			productType = "com.apple.product-type.bundle.unit-test";
		};
		F025819A2C62C293006CB2E6 /* MorningStarUITests */ = {
			isa = PBXNativeTarget;
			buildConfigurationList = F02581AB2C62C293006CB2E6 /* Build configuration list for PBXNativeTarget "MorningStarUITests" */;
			buildPhases = (
				F02581972C62C293006CB2E6 /* Sources */,
				F02581982C62C293006CB2E6 /* Frameworks */,
				F02581992C62C293006CB2E6 /* Resources */,
			);
			buildRules = (
			);
			dependencies = (
				F025819D2C62C293006CB2E6 /* PBXTargetDependency */,
			);
			name = MorningStarUITests;
			productName = MorningStarUITests;
			productReference = F025819B2C62C293006CB2E6 /* MorningStarUITests.xctest */;
			productType = "com.apple.product-type.bundle.ui-testing";
		};
/* End PBXNativeTarget section */

/* Begin PBXProject section */
		F02581762C62C292006CB2E6 /* Project object */ = {
			isa = PBXProject;
			attributes = {
				BuildIndependentTargetsInParallel = 1;
				LastSwiftUpdateCheck = 1540;
				LastUpgradeCheck = 1600;
				TargetAttributes = {
					F025817D2C62C292006CB2E6 = {
						CreatedOnToolsVersion = 15.4;
					};
					F02581902C62C293006CB2E6 = {
						CreatedOnToolsVersion = 15.4;
						TestTargetID = F025817D2C62C292006CB2E6;
					};
					F025819A2C62C293006CB2E6 = {
						CreatedOnToolsVersion = 15.4;
						TestTargetID = F025817D2C62C292006CB2E6;
					};
				};
			};
			buildConfigurationList = F02581792C62C292006CB2E6 /* Build configuration list for PBXProject "MorningStar" */;
			compatibilityVersion = "Xcode 14.0";
			developmentRegion = en;
			hasScannedForEncodings = 0;
			knownRegions = (
				en,
				Base,
			);
			mainGroup = F02581752C62C292006CB2E6;
			productRefGroup = F025817F2C62C292006CB2E6 /* Products */;
			projectDirPath = "";
			projectRoot = "";
			targets = (
				F025817D2C62C292006CB2E6 /* MorningStar */,
				F02581902C62C293006CB2E6 /* MorningStarTests */,
				F025819A2C62C293006CB2E6 /* MorningStarUITests */,
			);
		};
/* End PBXProject section */

/* Begin PBXResourcesBuildPhase section */
		F025817C2C62C292006CB2E6 /* Resources */ = {
			isa = PBXResourcesBuildPhase;
			buildActionMask = 2147483647;
			files = (
				F025818C2C62C293006CB2E6 /* Preview Assets.xcassets in Resources */,
				F02581882C62C293006CB2E6 /* Assets.xcassets in Resources */,
			);
			runOnlyForDeploymentPostprocessing = 0;
		};
		F025818F2C62C293006CB2E6 /* Resources */ = {
			isa = PBXResourcesBuildPhase;
			buildActionMask = 2147483647;
			files = (
			);
			runOnlyForDeploymentPostprocessing = 0;
		};
		F02581992C62C293006CB2E6 /* Resources */ = {
			isa = PBXResourcesBuildPhase;
			buildActionMask = 2147483647;
			files = (
			);
			runOnlyForDeploymentPostprocessing = 0;
		};
/* End PBXResourcesBuildPhase section */

/* Begin PBXSourcesBuildPhase section */
		F025817A2C62C292006CB2E6 /* Sources */ = {
			isa = PBXSourcesBuildPhase;
			buildActionMask = 2147483647;
			files = (
				F02581AF2C62C6F3006CB2E6 /* DashboardView.swift in Sources */,
				F0BD91C12F158BF100BA7F4E /* HealthTypes+UI.swift in Sources */,
				F053303F2C6A9E2C00F628C5 /* HeaderView.swift in Sources */,
				F076E42C2C7E37DF0080BA83 /* MSThemeToggleView.swift in Sources */,
				F0512F0F2C8513D100FA033F /* IntersectionPoint.swift in Sources */,
				F0512F112C8513D100FA033F /* SliderBar.swift in Sources */,
				F0512F132C8513D100FA033F /* MSLineChartView.swift in Sources */,
				F083A02D2CBDD3DB0085C1D0 /* CalorieBurnedDataManagerFactory.swift in Sources */,
				F077C4062CC823F400A88556 /* ActivityDataProvider.swift in Sources */,
				F077C4082CC8240E00A88556 /* ActivityDisplayable.swift in Sources */,
				F077C40E2CC8248600A88556 /* LineChartViewModel.swift in Sources */,
				F03599892C7FD2E4008715FF /* LegendView.swift in Sources */,
				F0C7CE362D5246B8002F0CC6 /* CoreDataSource.swift in Sources */,
				F083A0172CBD40960085C1D0 /* WorkoutIntensityAnalyzer.swift in Sources */,
				F0C7CE472D526108002F0CC6 /* HealthDataFactoryProtocol.swift in Sources */,
				F083A0272CBDD3720085C1D0 /* SleepDataManagerFactory.swift in Sources */,
				F083A0212CBDD2CD0085C1D0 /* HeartRateDataManagerFactory.swift in Sources */,
				F0512F102C8513D100FA033F /* LineChart.swift in Sources */,
				F083A01E2CBDBAB30085C1D0 /* GenericHealthDataManager.swift in Sources */,
				F077C4122CC824E200A88556 /* ActivityLineChartViewModel.swift in Sources */,
				F0FF79D12C7E958D00DA3A54 /* XAxisLabels.swift in Sources */,
				F0C7CE382D524815002F0CC6 /* HealthKitSource.swift in Sources */,
				F05330442C6AA58200F628C5 /* MSImage.swift in Sources */,
				F03AA6E12C6426F2003C1BB3 /* Color+Theme.swift in Sources */,
				F08576542CA46268003B2252 /* MSSelectionTimePeriodView.swift in Sources */,
				F02581822C62C292006CB2E6 /* MorningStarApp.swift in Sources */,
				F0FF79D52C7E973000DA3A54 /* IntensityStack.swift in Sources */,
				F052A14F2CCAE71D00101521 /* MSLineChartCardSkeletonView.swift in Sources */,
				F03599872C7FD1B3008715FF /* MSImageWithTitle.swift in Sources */,
				F083A01C2CBDB99A0085C1D0 /* QueryDescriptor.swift in Sources */,
				F05330422C6A9FF800F628C5 /* ContentView.swift in Sources */,
				F052A14D2CCAE6D800101521 /* MSStackedChartCardSkeletonView.swift in Sources */,
				F083A02F2CBDD4190085C1D0 /* HealthKitError.swift in Sources */,
				F077C4102CC824CB00A88556 /* WeightLineChartViewModel.swift in Sources */,
				F0C7CE3F2D524A4C002F0CC6 /* SyncStorage.swift in Sources */,
				F083A0192CBD40D50085C1D0 /* HealthDataProcessor.swift in Sources */,
				F0C7CE3D2D524A30002F0CC6 /* SyncStrategy.swift in Sources */,
				F077C40C2CC8246600A88556 /* PeriodSelectable.swift in Sources */,
				F0FF79D32C7E967B00DA3A54 /* YAxisLabelsAndGridLines.swift in Sources */,
				F04A78B82C6647C100E8FB1C /* Constants.swift in Sources */,
				F0512F072C85109A00FA033F /* HealthViewModel.swift in Sources */,
				F053CF6D2C6B968D000E2EFD /* MSDashboardHeaderMetricView.swift in Sources */,
				F076E4312C7E386C0080BA83 /* ColorSheme+Theme.swift in Sources */,
				F083A0292CBDD38B0085C1D0 /* WeightDataManagerFactory.swift in Sources */,
				F083A02B2CBDD3B30085C1D0 /* StepDataManagerFactory.swift in Sources */,
				F0D69FD32CA4ACB5005F329C /* MSDateNavigationView.swift in Sources */,
				F0C7CE452D524AE0002F0CC6 /* HealthRepository.swift in Sources */,
				F0205FCB2D55228700910753 /* Date.swift in Sources */,
				F077C41A2CC9684B00A88556 /* WorkoutMockData.swift in Sources */,
				F052A1532CCBE77F00101521 /* HealthDataModel.xcdatamodeld in Sources */,
				F04A78BC2C665D3300E8FB1C /* MSTodayDateTitle.swift in Sources */,
				F0D5E0162C6E66F500EE647B /* MSStackedChartCardView.swift in Sources */,
				F04A78BA2C664A3000E8FB1C /* MSLogo.swift in Sources */,
				F077C40A2CC8243500A88556 /* IndexManageable.swift in Sources */,
				F0512F122C8513D100FA033F /* ValueDisplay.swift in Sources */,
				F0CFA07F2C765A5800B7FD7D /* MSChartCardView.swift in Sources */,
				F08576522CA4180C003B2252 /* HealthData+Generator.swift in Sources */,
				F0CFA07D2C76368300B7FD7D /* MSUpDownArrow.swift in Sources */,
				F05330462C6AACD100F628C5 /* MSVerticalSeparator.swift in Sources */,
				F0512F052C85107900FA033F /* HealthData.swift in Sources */,
				F083A0312CBF1E740085C1D0 /* HealthDataProcessor+Debug.swift in Sources */,
				F0D5E0142C6E66EA00EE647B /* MSStackedChart.swift in Sources */,
				F077C4142CC824F600A88556 /* SleepLineChartViewModel.swift in Sources */,
				F083A0252CBDD3500085C1D0 /* WorkoutDataManagerFactory.swift in Sources */,
				F076E42F2C7E37F30080BA83 /* MSThemeToggleButton.swift in Sources */,
				F0205FC92D55149800910753 /* CoreDataError.swift in Sources */,
				F0C7CE432D524AA7002F0CC6 /* HealthKitAuthorizationManager.swift in Sources */,
				F0C7CE3A2D5248F7002F0CC6 /* HealthMetrics.swift in Sources */,
				F077C4162CC82C5800A88556 /* WorkoutStackedChartViewModel.swift in Sources */,
				F0205FC32D55037600910753 /* Logger.swift in Sources */,
			);
			runOnlyForDeploymentPostprocessing = 0;
		};
		F025818D2C62C293006CB2E6 /* Sources */ = {
			isa = PBXSourcesBuildPhase;
			buildActionMask = 2147483647;
			files = (
				F02755782D4C3334000B3524 /* StepDataManagerFactoryTests.swift in Sources */,
				F04CF6BD2D662C7F000F61EB /* ActivityGroupingTests.swift in Sources */,
				F027557E2D4D9E3A000B3524 /* SleepDataManagerFactoryTests.swift in Sources */,
				F02755802D4E6953000B3524 /* WorkoutDataManagerFactoryTests.swift in Sources */,
				F027557A2D4D7ADB000B3524 /* CalorieDataManagerFactoryTests.swift in Sources */,
				F027557C2D4D80E3000B3524 /* WeightDataManagerFactoryTests.swift in Sources */,
				F02581962C62C293006CB2E6 /* MorningStarTests.swift in Sources */,
				F05D0A492D68FF87006706FF /* StepDataManagerFactoryTests2.swift in Sources */,
			);
			runOnlyForDeploymentPostprocessing = 0;
		};
		F02581972C62C293006CB2E6 /* Sources */ = {
			isa = PBXSourcesBuildPhase;
			buildActionMask = 2147483647;
			files = (
				F02581A02C62C293006CB2E6 /* MorningStarUITests.swift in Sources */,
				F02581A22C62C293006CB2E6 /* MorningStarUITestsLaunchTests.swift in Sources */,
			);
			runOnlyForDeploymentPostprocessing = 0;
		};
/* End PBXSourcesBuildPhase section */

/* Begin PBXTargetDependency section */
		F02581932C62C293006CB2E6 /* PBXTargetDependency */ = {
			isa = PBXTargetDependency;
			target = F025817D2C62C292006CB2E6 /* MorningStar */;
			targetProxy = F02581922C62C293006CB2E6 /* PBXContainerItemProxy */;
		};
		F025819D2C62C293006CB2E6 /* PBXTargetDependency */ = {
			isa = PBXTargetDependency;
			target = F025817D2C62C292006CB2E6 /* MorningStar */;
			targetProxy = F025819C2C62C293006CB2E6 /* PBXContainerItemProxy */;
		};
/* End PBXTargetDependency section */

/* Begin XCBuildConfiguration section */
		F02581A32C62C293006CB2E6 /* Debug */ = {
			isa = XCBuildConfiguration;
			buildSettings = {
				ALWAYS_SEARCH_USER_PATHS = NO;
				ASSETCATALOG_COMPILER_GENERATE_SWIFT_ASSET_SYMBOL_EXTENSIONS = YES;
				CLANG_ANALYZER_NONNULL = YES;
				CLANG_ANALYZER_NUMBER_OBJECT_CONVERSION = YES_AGGRESSIVE;
				CLANG_CXX_LANGUAGE_STANDARD = "gnu++20";
				CLANG_ENABLE_MODULES = YES;
				CLANG_ENABLE_OBJC_ARC = YES;
				CLANG_ENABLE_OBJC_WEAK = YES;
				CLANG_WARN_BLOCK_CAPTURE_AUTORELEASING = YES;
				CLANG_WARN_BOOL_CONVERSION = YES;
				CLANG_WARN_COMMA = YES;
				CLANG_WARN_CONSTANT_CONVERSION = YES;
				CLANG_WARN_DEPRECATED_OBJC_IMPLEMENTATIONS = YES;
				CLANG_WARN_DIRECT_OBJC_ISA_USAGE = YES_ERROR;
				CLANG_WARN_DOCUMENTATION_COMMENTS = YES;
				CLANG_WARN_EMPTY_BODY = YES;
				CLANG_WARN_ENUM_CONVERSION = YES;
				CLANG_WARN_INFINITE_RECURSION = YES;
				CLANG_WARN_INT_CONVERSION = YES;
				CLANG_WARN_NON_LITERAL_NULL_CONVERSION = YES;
				CLANG_WARN_OBJC_IMPLICIT_RETAIN_SELF = YES;
				CLANG_WARN_OBJC_LITERAL_CONVERSION = YES;
				CLANG_WARN_OBJC_ROOT_CLASS = YES_ERROR;
				CLANG_WARN_QUOTED_INCLUDE_IN_FRAMEWORK_HEADER = YES;
				CLANG_WARN_RANGE_LOOP_ANALYSIS = YES;
				CLANG_WARN_STRICT_PROTOTYPES = YES;
				CLANG_WARN_SUSPICIOUS_MOVE = YES;
				CLANG_WARN_UNGUARDED_AVAILABILITY = YES_AGGRESSIVE;
				CLANG_WARN_UNREACHABLE_CODE = YES;
				CLANG_WARN__DUPLICATE_METHOD_MATCH = YES;
				COPY_PHASE_STRIP = NO;
				DEAD_CODE_STRIPPING = YES;
				DEBUG_INFORMATION_FORMAT = dwarf;
				ENABLE_STRICT_OBJC_MSGSEND = YES;
				ENABLE_TESTABILITY = YES;
				ENABLE_USER_SCRIPT_SANDBOXING = YES;
				GCC_C_LANGUAGE_STANDARD = gnu17;
				GCC_DYNAMIC_NO_PIC = NO;
				GCC_NO_COMMON_BLOCKS = YES;
				GCC_OPTIMIZATION_LEVEL = 0;
				GCC_PREPROCESSOR_DEFINITIONS = (
					"DEBUG=1",
					"$(inherited)",
				);
				GCC_WARN_64_TO_32_BIT_CONVERSION = YES;
				GCC_WARN_ABOUT_RETURN_TYPE = YES_ERROR;
				GCC_WARN_UNDECLARED_SELECTOR = YES;
				GCC_WARN_UNINITIALIZED_AUTOS = YES_AGGRESSIVE;
				GCC_WARN_UNUSED_FUNCTION = YES;
				GCC_WARN_UNUSED_VARIABLE = YES;
				LOCALIZATION_PREFERS_STRING_CATALOGS = YES;
				MTL_ENABLE_DEBUG_INFO = INCLUDE_SOURCE;
				MTL_FAST_MATH = YES;
				ONLY_ACTIVE_ARCH = YES;
				SWIFT_ACTIVE_COMPILATION_CONDITIONS = "DEBUG $(inherited)";
				SWIFT_OPTIMIZATION_LEVEL = "-Onone";
			};
			name = Debug;
		};
		F02581A42C62C293006CB2E6 /* Release */ = {
			isa = XCBuildConfiguration;
			buildSettings = {
				ALWAYS_SEARCH_USER_PATHS = NO;
				ASSETCATALOG_COMPILER_GENERATE_SWIFT_ASSET_SYMBOL_EXTENSIONS = YES;
				CLANG_ANALYZER_NONNULL = YES;
				CLANG_ANALYZER_NUMBER_OBJECT_CONVERSION = YES_AGGRESSIVE;
				CLANG_CXX_LANGUAGE_STANDARD = "gnu++20";
				CLANG_ENABLE_MODULES = YES;
				CLANG_ENABLE_OBJC_ARC = YES;
				CLANG_ENABLE_OBJC_WEAK = YES;
				CLANG_WARN_BLOCK_CAPTURE_AUTORELEASING = YES;
				CLANG_WARN_BOOL_CONVERSION = YES;
				CLANG_WARN_COMMA = YES;
				CLANG_WARN_CONSTANT_CONVERSION = YES;
				CLANG_WARN_DEPRECATED_OBJC_IMPLEMENTATIONS = YES;
				CLANG_WARN_DIRECT_OBJC_ISA_USAGE = YES_ERROR;
				CLANG_WARN_DOCUMENTATION_COMMENTS = YES;
				CLANG_WARN_EMPTY_BODY = YES;
				CLANG_WARN_ENUM_CONVERSION = YES;
				CLANG_WARN_INFINITE_RECURSION = YES;
				CLANG_WARN_INT_CONVERSION = YES;
				CLANG_WARN_NON_LITERAL_NULL_CONVERSION = YES;
				CLANG_WARN_OBJC_IMPLICIT_RETAIN_SELF = YES;
				CLANG_WARN_OBJC_LITERAL_CONVERSION = YES;
				CLANG_WARN_OBJC_ROOT_CLASS = YES_ERROR;
				CLANG_WARN_QUOTED_INCLUDE_IN_FRAMEWORK_HEADER = YES;
				CLANG_WARN_RANGE_LOOP_ANALYSIS = YES;
				CLANG_WARN_STRICT_PROTOTYPES = YES;
				CLANG_WARN_SUSPICIOUS_MOVE = YES;
				CLANG_WARN_UNGUARDED_AVAILABILITY = YES_AGGRESSIVE;
				CLANG_WARN_UNREACHABLE_CODE = YES;
				CLANG_WARN__DUPLICATE_METHOD_MATCH = YES;
				COPY_PHASE_STRIP = NO;
				DEAD_CODE_STRIPPING = YES;
				DEBUG_INFORMATION_FORMAT = "dwarf-with-dsym";
				ENABLE_NS_ASSERTIONS = NO;
				ENABLE_STRICT_OBJC_MSGSEND = YES;
				ENABLE_USER_SCRIPT_SANDBOXING = YES;
				GCC_C_LANGUAGE_STANDARD = gnu17;
				GCC_NO_COMMON_BLOCKS = YES;
				GCC_WARN_64_TO_32_BIT_CONVERSION = YES;
				GCC_WARN_ABOUT_RETURN_TYPE = YES_ERROR;
				GCC_WARN_UNDECLARED_SELECTOR = YES;
				GCC_WARN_UNINITIALIZED_AUTOS = YES_AGGRESSIVE;
				GCC_WARN_UNUSED_FUNCTION = YES;
				GCC_WARN_UNUSED_VARIABLE = YES;
				LOCALIZATION_PREFERS_STRING_CATALOGS = YES;
				MTL_ENABLE_DEBUG_INFO = NO;
				MTL_FAST_MATH = YES;
				SWIFT_COMPILATION_MODE = wholemodule;
			};
			name = Release;
		};
		F02581A62C62C293006CB2E6 /* Debug */ = {
			isa = XCBuildConfiguration;
			buildSettings = {
				ASSETCATALOG_COMPILER_APPICON_NAME = AppIcon;
				ASSETCATALOG_COMPILER_GLOBAL_ACCENT_COLOR_NAME = AccentColor;
				CODE_SIGN_ENTITLEMENTS = MorningStar/MorningStar.entitlements;
				CODE_SIGN_STYLE = Automatic;
				CURRENT_PROJECT_VERSION = 1;
				DEAD_CODE_STRIPPING = YES;
				DEVELOPMENT_ASSET_PATHS = "\"MorningStar/Preview Content\"";
				DEVELOPMENT_TEAM = BB3PNSCUG7;
				ENABLE_HARDENED_RUNTIME = YES;
				ENABLE_PREVIEWS = YES;
				GENERATE_INFOPLIST_FILE = YES;
				INFOPLIST_KEY_NSHealthShareUsageDescription = "Votre activité physique est affichée pour vous aider à suivre vos progrès.";
				"INFOPLIST_KEY_UIApplicationSceneManifest_Generation[sdk=iphoneos*]" = YES;
				"INFOPLIST_KEY_UIApplicationSceneManifest_Generation[sdk=iphonesimulator*]" = YES;
				"INFOPLIST_KEY_UIApplicationSupportsIndirectInputEvents[sdk=iphoneos*]" = YES;
				"INFOPLIST_KEY_UIApplicationSupportsIndirectInputEvents[sdk=iphonesimulator*]" = YES;
				"INFOPLIST_KEY_UILaunchScreen_Generation[sdk=iphoneos*]" = YES;
				"INFOPLIST_KEY_UILaunchScreen_Generation[sdk=iphonesimulator*]" = YES;
				INFOPLIST_KEY_UIRequiresFullScreen = YES;
				"INFOPLIST_KEY_UIStatusBarStyle[sdk=iphoneos*]" = UIStatusBarStyleDefault;
				"INFOPLIST_KEY_UIStatusBarStyle[sdk=iphonesimulator*]" = UIStatusBarStyleDefault;
				INFOPLIST_KEY_UISupportedInterfaceOrientations = "UIInterfaceOrientationLandscapeLeft UIInterfaceOrientationLandscapeRight UIInterfaceOrientationPortrait";
				INFOPLIST_KEY_UISupportedInterfaceOrientations_iPad = "UIInterfaceOrientationLandscapeLeft UIInterfaceOrientationLandscapeRight";
				IPHONEOS_DEPLOYMENT_TARGET = 17.5;
				LD_RUNPATH_SEARCH_PATHS = "@executable_path/Frameworks";
				"LD_RUNPATH_SEARCH_PATHS[sdk=macosx*]" = "@executable_path/../Frameworks";
				MACOSX_DEPLOYMENT_TARGET = 14.0;
				MARKETING_VERSION = 1.0;
				PRODUCT_BUNDLE_IDENTIFIER = guillaume.MorningStar;
				PRODUCT_NAME = "$(TARGET_NAME)";
				SDKROOT = auto;
				SUPPORTED_PLATFORMS = "iphoneos iphonesimulator macosx";
				SUPPORTS_MACCATALYST = NO;
				SWIFT_EMIT_LOC_STRINGS = YES;
				SWIFT_VERSION = 5.0;
				TARGETED_DEVICE_FAMILY = 2;
			};
			name = Debug;
		};
		F02581A72C62C293006CB2E6 /* Release */ = {
			isa = XCBuildConfiguration;
			buildSettings = {
				ASSETCATALOG_COMPILER_APPICON_NAME = AppIcon;
				ASSETCATALOG_COMPILER_GLOBAL_ACCENT_COLOR_NAME = AccentColor;
				CODE_SIGN_ENTITLEMENTS = MorningStar/MorningStar.entitlements;
				CODE_SIGN_STYLE = Automatic;
				CURRENT_PROJECT_VERSION = 1;
				DEAD_CODE_STRIPPING = YES;
				DEVELOPMENT_ASSET_PATHS = "\"MorningStar/Preview Content\"";
				DEVELOPMENT_TEAM = BB3PNSCUG7;
				ENABLE_HARDENED_RUNTIME = YES;
				ENABLE_PREVIEWS = YES;
				GENERATE_INFOPLIST_FILE = YES;
				INFOPLIST_KEY_NSHealthShareUsageDescription = "Votre activité physique est affichée pour vous aider à suivre vos progrès.";
				"INFOPLIST_KEY_UIApplicationSceneManifest_Generation[sdk=iphoneos*]" = YES;
				"INFOPLIST_KEY_UIApplicationSceneManifest_Generation[sdk=iphonesimulator*]" = YES;
				"INFOPLIST_KEY_UIApplicationSupportsIndirectInputEvents[sdk=iphoneos*]" = YES;
				"INFOPLIST_KEY_UIApplicationSupportsIndirectInputEvents[sdk=iphonesimulator*]" = YES;
				"INFOPLIST_KEY_UILaunchScreen_Generation[sdk=iphoneos*]" = YES;
				"INFOPLIST_KEY_UILaunchScreen_Generation[sdk=iphonesimulator*]" = YES;
				INFOPLIST_KEY_UIRequiresFullScreen = YES;
				"INFOPLIST_KEY_UIStatusBarStyle[sdk=iphoneos*]" = UIStatusBarStyleDefault;
				"INFOPLIST_KEY_UIStatusBarStyle[sdk=iphonesimulator*]" = UIStatusBarStyleDefault;
				INFOPLIST_KEY_UISupportedInterfaceOrientations = "UIInterfaceOrientationLandscapeLeft UIInterfaceOrientationLandscapeRight UIInterfaceOrientationPortrait";
				INFOPLIST_KEY_UISupportedInterfaceOrientations_iPad = "UIInterfaceOrientationLandscapeLeft UIInterfaceOrientationLandscapeRight";
				IPHONEOS_DEPLOYMENT_TARGET = 17.5;
				LD_RUNPATH_SEARCH_PATHS = "@executable_path/Frameworks";
				"LD_RUNPATH_SEARCH_PATHS[sdk=macosx*]" = "@executable_path/../Frameworks";
				MACOSX_DEPLOYMENT_TARGET = 14.0;
				MARKETING_VERSION = 1.0;
				PRODUCT_BUNDLE_IDENTIFIER = guillaume.MorningStar;
				PRODUCT_NAME = "$(TARGET_NAME)";
				SDKROOT = auto;
				SUPPORTED_PLATFORMS = "iphoneos iphonesimulator macosx";
				SUPPORTS_MACCATALYST = NO;
				SWIFT_EMIT_LOC_STRINGS = YES;
				SWIFT_VERSION = 5.0;
				TARGETED_DEVICE_FAMILY = 2;
			};
			name = Release;
		};
		F02581A92C62C293006CB2E6 /* Debug */ = {
			isa = XCBuildConfiguration;
			buildSettings = {
				BUNDLE_LOADER = "$(TEST_HOST)";
				CODE_SIGN_STYLE = Automatic;
				CURRENT_PROJECT_VERSION = 1;
				DEAD_CODE_STRIPPING = YES;
				DEVELOPMENT_TEAM = BB3PNSCUG7;
				GENERATE_INFOPLIST_FILE = YES;
				IPHONEOS_DEPLOYMENT_TARGET = 17.5;
				MACOSX_DEPLOYMENT_TARGET = 14.5;
				MARKETING_VERSION = 1.0;
				PRODUCT_BUNDLE_IDENTIFIER = guillaume.MorningStarTests;
				PRODUCT_NAME = "$(TARGET_NAME)";
				SDKROOT = auto;
				SUPPORTED_PLATFORMS = "iphoneos iphonesimulator macosx";
				SWIFT_EMIT_LOC_STRINGS = NO;
				SWIFT_VERSION = 5.0;
				TARGETED_DEVICE_FAMILY = "1,2";
				TEST_HOST = "$(BUILT_PRODUCTS_DIR)/MorningStar.app/$(BUNDLE_EXECUTABLE_FOLDER_PATH)/MorningStar";
			};
			name = Debug;
		};
		F02581AA2C62C293006CB2E6 /* Release */ = {
			isa = XCBuildConfiguration;
			buildSettings = {
				BUNDLE_LOADER = "$(TEST_HOST)";
				CODE_SIGN_STYLE = Automatic;
				CURRENT_PROJECT_VERSION = 1;
				DEAD_CODE_STRIPPING = YES;
				DEVELOPMENT_TEAM = BB3PNSCUG7;
				GENERATE_INFOPLIST_FILE = YES;
				IPHONEOS_DEPLOYMENT_TARGET = 17.5;
				MACOSX_DEPLOYMENT_TARGET = 14.5;
				MARKETING_VERSION = 1.0;
				PRODUCT_BUNDLE_IDENTIFIER = guillaume.MorningStarTests;
				PRODUCT_NAME = "$(TARGET_NAME)";
				SDKROOT = auto;
				SUPPORTED_PLATFORMS = "iphoneos iphonesimulator macosx";
				SWIFT_EMIT_LOC_STRINGS = NO;
				SWIFT_VERSION = 5.0;
				TARGETED_DEVICE_FAMILY = "1,2";
				TEST_HOST = "$(BUILT_PRODUCTS_DIR)/MorningStar.app/$(BUNDLE_EXECUTABLE_FOLDER_PATH)/MorningStar";
			};
			name = Release;
		};
		F02581AC2C62C293006CB2E6 /* Debug */ = {
			isa = XCBuildConfiguration;
			buildSettings = {
				CODE_SIGN_STYLE = Automatic;
				CURRENT_PROJECT_VERSION = 1;
				DEAD_CODE_STRIPPING = YES;
				DEVELOPMENT_TEAM = BB3PNSCUG7;
				GENERATE_INFOPLIST_FILE = YES;
				IPHONEOS_DEPLOYMENT_TARGET = 17.5;
				MACOSX_DEPLOYMENT_TARGET = 14.5;
				MARKETING_VERSION = 1.0;
				PRODUCT_BUNDLE_IDENTIFIER = guillaume.MorningStarUITests;
				PRODUCT_NAME = "$(TARGET_NAME)";
				SDKROOT = auto;
				SUPPORTED_PLATFORMS = "iphoneos iphonesimulator macosx";
				SWIFT_EMIT_LOC_STRINGS = NO;
				SWIFT_VERSION = 5.0;
				TARGETED_DEVICE_FAMILY = "1,2";
				TEST_TARGET_NAME = MorningStar;
			};
			name = Debug;
		};
		F02581AD2C62C293006CB2E6 /* Release */ = {
			isa = XCBuildConfiguration;
			buildSettings = {
				CODE_SIGN_STYLE = Automatic;
				CURRENT_PROJECT_VERSION = 1;
				DEAD_CODE_STRIPPING = YES;
				DEVELOPMENT_TEAM = BB3PNSCUG7;
				GENERATE_INFOPLIST_FILE = YES;
				IPHONEOS_DEPLOYMENT_TARGET = 17.5;
				MACOSX_DEPLOYMENT_TARGET = 14.5;
				MARKETING_VERSION = 1.0;
				PRODUCT_BUNDLE_IDENTIFIER = guillaume.MorningStarUITests;
				PRODUCT_NAME = "$(TARGET_NAME)";
				SDKROOT = auto;
				SUPPORTED_PLATFORMS = "iphoneos iphonesimulator macosx";
				SWIFT_EMIT_LOC_STRINGS = NO;
				SWIFT_VERSION = 5.0;
				TARGETED_DEVICE_FAMILY = "1,2";
				TEST_TARGET_NAME = MorningStar;
			};
			name = Release;
		};
/* End XCBuildConfiguration section */

/* Begin XCConfigurationList section */
		F02581792C62C292006CB2E6 /* Build configuration list for PBXProject "MorningStar" */ = {
			isa = XCConfigurationList;
			buildConfigurations = (
				F02581A32C62C293006CB2E6 /* Debug */,
				F02581A42C62C293006CB2E6 /* Release */,
			);
			defaultConfigurationIsVisible = 0;
			defaultConfigurationName = Release;
		};
		F02581A52C62C293006CB2E6 /* Build configuration list for PBXNativeTarget "MorningStar" */ = {
			isa = XCConfigurationList;
			buildConfigurations = (
				F02581A62C62C293006CB2E6 /* Debug */,
				F02581A72C62C293006CB2E6 /* Release */,
			);
			defaultConfigurationIsVisible = 0;
			defaultConfigurationName = Release;
		};
		F02581A82C62C293006CB2E6 /* Build configuration list for PBXNativeTarget "MorningStarTests" */ = {
			isa = XCConfigurationList;
			buildConfigurations = (
				F02581A92C62C293006CB2E6 /* Debug */,
				F02581AA2C62C293006CB2E6 /* Release */,
			);
			defaultConfigurationIsVisible = 0;
			defaultConfigurationName = Release;
		};
		F02581AB2C62C293006CB2E6 /* Build configuration list for PBXNativeTarget "MorningStarUITests" */ = {
			isa = XCConfigurationList;
			buildConfigurations = (
				F02581AC2C62C293006CB2E6 /* Debug */,
				F02581AD2C62C293006CB2E6 /* Release */,
			);
			defaultConfigurationIsVisible = 0;
			defaultConfigurationName = Release;
		};
/* End XCConfigurationList section */

/* Begin XCVersionGroup section */
		F052A1512CCBE77F00101521 /* HealthDataModel.xcdatamodeld */ = {
			isa = XCVersionGroup;
			children = (
				F052A1522CCBE77F00101521 /* HealthDataModel.xcdatamodel */,
			);
			currentVersion = F052A1522CCBE77F00101521 /* HealthDataModel.xcdatamodel */;
			path = HealthDataModel.xcdatamodeld;
			sourceTree = "<group>";
			versionGroupType = wrapper.xcdatamodel;
		};
/* End XCVersionGroup section */
	};
	rootObject = F02581762C62C292006CB2E6 /* Project object */;
}
